
Microsoft Visual Studio Solution File, Format Version 12.00
# Visual Studio 15
VisualStudioVersion = 15.0.28307.102
MinimumVisualStudioVersion = 10.0.40219.1
Project("{888888A0-9F3D-457C-B088-3A5042F75D52}") = "PhotoCollage", "PhotoCollage\PhotoCollage.pyproj", "{9F4D8E9B-B38A-4AB5-A813-16E6C351E441}"
EndProject
Project("{2150E333-8FDC-42A3-9474-1A3956D46DE8}") = "Pictures", "Pictures", "{75C789CE-AE78-475D-8AE1-F339FF70A7E0}"
	ProjectSection(SolutionItems) = preProject
		PhotoCollage\Pictures\MyPic.jpg = PhotoCollage\Pictures\MyPic.jpg
	EndProjectSection
EndProject
Global
	GlobalSection(SolutionConfigurationPlatforms) = preSolution
		Debug|Any CPU = Debug|Any CPU
		Release|Any CPU = Release|Any CPU
	EndGlobalSection
	GlobalSection(ProjectConfigurationPlatforms) = postSolution
		{9F4D8E9B-B38A-4AB5-A813-16E6C351E441}.Debug|Any CPU.ActiveCfg = Debug|Any CPU
		{9F4D8E9B-B38A-4AB5-A813-16E6C351E441}.Release|Any CPU.ActiveCfg = Release|Any CPU
	EndGlobalSection
	GlobalSection(SolutionProperties) = preSolution
		HideSolutionNode = FALSE
	EndGlobalSection
	GlobalSection(ExtensibilityGlobals) = postSolution
		SolutionGuid = {80E038D7-98D6-4269-9633-C197E9362317}
	EndGlobalSection
EndGlobal
